
Microsoft Visual Studio Solution File, Format Version 12.00
# Visual Studio Version 17
VisualStudioVersion = 17.8.34316.72
MinimumVisualStudioVersion = 10.0.40219.1
Project("{FAE04EC0-301F-11D3-BF4B-00C04F79EFBC}") = "Day1", "Day1.csproj", "{6E6B2FF2-D3AF-4DCE-9EDD-4E68236A4ED5}"
EndProject
Global
	GlobalSection(SolutionConfigurationPlatforms) = preSolution
		Debug|Any CPU = Debug|Any CPU
		Release|Any CPU = Release|Any CPU
	EndGlobalSection
	GlobalSection(ProjectConfigurationPlatforms) = postSolution
		{6E6B2FF2-D3AF-4DCE-9EDD-4E68236A4ED5}.Debug|Any CPU.ActiveCfg = Debug|Any CPU
		{6E6B2FF2-D3AF-4DCE-9EDD-4E68236A4ED5}.Debug|Any CPU.Build.0 = Debug|Any CPU
		{6E6B2FF2-D3AF-4DCE-9EDD-4E68236A4ED5}.Release|Any CPU.ActiveCfg = Release|Any CPU
		{6E6B2FF2-D3AF-4DCE-9EDD-4E68236A4ED5}.Release|Any CPU.Build.0 = Release|Any CPU
	EndGlobalSection
	GlobalSection(SolutionProperties) = preSolution
		HideSolutionNode = FALSE
	EndGlobalSection
	GlobalSection(ExtensibilityGlobals) = postSolution
		SolutionGuid = {8933D422-972B-4DA8-BDDF-C90A6AFF3827}
	EndGlobalSection
EndGlobal
