
Microsoft Visual Studio Solution File, Format Version 12.00
# Visual Studio Version 17
VisualStudioVersion = 17.8.34330.188
MinimumVisualStudioVersion = 10.0.40219.1
Project("{FAE04EC0-301F-11D3-BF4B-00C04F79EFBC}") = "Advent-of-Code", "Advent-of-Code.csproj", "{1A3F6A44-FF95-4E14-987D-C3E408980F88}"
EndProject
Project("{9A19103F-16F7-4668-BE54-9A1E7A4F7556}") = "Day01", "..\Day1\Day1\Day01.csproj", "{36A7565B-7D70-4BF6-9B87-1B2A358E6047}"
EndProject
Project("{9A19103F-16F7-4668-BE54-9A1E7A4F7556}") = "Day02", "..\Day2\Day02.csproj", "{F1B624DF-1426-4661-848A-979BAFD5639C}"
EndProject
Project("{9A19103F-16F7-4668-BE54-9A1E7A4F7556}") = "Day03", "..\Day3\Day03.csproj", "{7C2FF62D-AB61-4B79-8F34-DE27C769FF8B}"
EndProject
Project("{9A19103F-16F7-4668-BE54-9A1E7A4F7556}") = "Day04", "..\Day4\Day04.csproj", "{FA0A7B26-A140-4E15-8E41-7BEBC8243058}"
EndProject
Project("{9A19103F-16F7-4668-BE54-9A1E7A4F7556}") = "Day05", "..\Day5\Day05.csproj", "{8DF92AD7-4FDA-450D-B5F4-45FAB615C083}"
EndProject
Project("{9A19103F-16F7-4668-BE54-9A1E7A4F7556}") = "Day06", "..\Day6\Day06.csproj", "{9525A257-E414-49EF-8FE4-20BB601CDD4F}"
EndProject
Project("{9A19103F-16F7-4668-BE54-9A1E7A4F7556}") = "Day07", "..\Day7\Day07.csproj", "{A0462BFB-6FB2-4ECA-A9D8-F50336C3BB4F}"
EndProject
Project("{9A19103F-16F7-4668-BE54-9A1E7A4F7556}") = "Day08", "..\Day8\Day08.csproj", "{0D9ADF3B-7C68-439A-B2D8-7A2A6965C8A3}"
EndProject
Project("{9A19103F-16F7-4668-BE54-9A1E7A4F7556}") = "Day09", "..\Day9\Day09.csproj", "{FC1E2B7A-98BD-48AD-994D-A37FF21587B0}"
EndProject
Project("{FAE04EC0-301F-11D3-BF4B-00C04F79EFBC}") = "Day10", "..\Day10\Day10.csproj", "{015A4DB1-AD07-47A7-8550-19A3D338F326}"
EndProject
Global
	GlobalSection(SolutionConfigurationPlatforms) = preSolution
		Debug|Any CPU = Debug|Any CPU
		Release|Any CPU = Release|Any CPU
	EndGlobalSection
	GlobalSection(ProjectConfigurationPlatforms) = postSolution
		{1A3F6A44-FF95-4E14-987D-C3E408980F88}.Debug|Any CPU.ActiveCfg = Debug|Any CPU
		{1A3F6A44-FF95-4E14-987D-C3E408980F88}.Debug|Any CPU.Build.0 = Debug|Any CPU
		{1A3F6A44-FF95-4E14-987D-C3E408980F88}.Release|Any CPU.ActiveCfg = Release|Any CPU
		{1A3F6A44-FF95-4E14-987D-C3E408980F88}.Release|Any CPU.Build.0 = Release|Any CPU
		{36A7565B-7D70-4BF6-9B87-1B2A358E6047}.Debug|Any CPU.ActiveCfg = Debug|Any CPU
		{36A7565B-7D70-4BF6-9B87-1B2A358E6047}.Debug|Any CPU.Build.0 = Debug|Any CPU
		{36A7565B-7D70-4BF6-9B87-1B2A358E6047}.Release|Any CPU.ActiveCfg = Release|Any CPU
		{36A7565B-7D70-4BF6-9B87-1B2A358E6047}.Release|Any CPU.Build.0 = Release|Any CPU
		{F1B624DF-1426-4661-848A-979BAFD5639C}.Debug|Any CPU.ActiveCfg = Debug|Any CPU
		{F1B624DF-1426-4661-848A-979BAFD5639C}.Debug|Any CPU.Build.0 = Debug|Any CPU
		{F1B624DF-1426-4661-848A-979BAFD5639C}.Release|Any CPU.ActiveCfg = Release|Any CPU
		{F1B624DF-1426-4661-848A-979BAFD5639C}.Release|Any CPU.Build.0 = Release|Any CPU
		{7C2FF62D-AB61-4B79-8F34-DE27C769FF8B}.Debug|Any CPU.ActiveCfg = Debug|Any CPU
		{7C2FF62D-AB61-4B79-8F34-DE27C769FF8B}.Debug|Any CPU.Build.0 = Debug|Any CPU
		{7C2FF62D-AB61-4B79-8F34-DE27C769FF8B}.Release|Any CPU.ActiveCfg = Release|Any CPU
		{7C2FF62D-AB61-4B79-8F34-DE27C769FF8B}.Release|Any CPU.Build.0 = Release|Any CPU
		{FA0A7B26-A140-4E15-8E41-7BEBC8243058}.Debug|Any CPU.ActiveCfg = Debug|Any CPU
		{FA0A7B26-A140-4E15-8E41-7BEBC8243058}.Debug|Any CPU.Build.0 = Debug|Any CPU
		{FA0A7B26-A140-4E15-8E41-7BEBC8243058}.Release|Any CPU.ActiveCfg = Release|Any CPU
		{FA0A7B26-A140-4E15-8E41-7BEBC8243058}.Release|Any CPU.Build.0 = Release|Any CPU
		{8DF92AD7-4FDA-450D-B5F4-45FAB615C083}.Debug|Any CPU.ActiveCfg = Debug|Any CPU
		{8DF92AD7-4FDA-450D-B5F4-45FAB615C083}.Debug|Any CPU.Build.0 = Debug|Any CPU
		{8DF92AD7-4FDA-450D-B5F4-45FAB615C083}.Release|Any CPU.ActiveCfg = Release|Any CPU
		{8DF92AD7-4FDA-450D-B5F4-45FAB615C083}.Release|Any CPU.Build.0 = Release|Any CPU
		{9525A257-E414-49EF-8FE4-20BB601CDD4F}.Debug|Any CPU.ActiveCfg = Debug|Any CPU
		{9525A257-E414-49EF-8FE4-20BB601CDD4F}.Debug|Any CPU.Build.0 = Debug|Any CPU
		{9525A257-E414-49EF-8FE4-20BB601CDD4F}.Release|Any CPU.ActiveCfg = Release|Any CPU
		{9525A257-E414-49EF-8FE4-20BB601CDD4F}.Release|Any CPU.Build.0 = Release|Any CPU
		{A0462BFB-6FB2-4ECA-A9D8-F50336C3BB4F}.Debug|Any CPU.ActiveCfg = Debug|Any CPU
		{A0462BFB-6FB2-4ECA-A9D8-F50336C3BB4F}.Debug|Any CPU.Build.0 = Debug|Any CPU
		{A0462BFB-6FB2-4ECA-A9D8-F50336C3BB4F}.Release|Any CPU.ActiveCfg = Release|Any CPU
		{A0462BFB-6FB2-4ECA-A9D8-F50336C3BB4F}.Release|Any CPU.Build.0 = Release|Any CPU
		{0D9ADF3B-7C68-439A-B2D8-7A2A6965C8A3}.Debug|Any CPU.ActiveCfg = Debug|Any CPU
		{0D9ADF3B-7C68-439A-B2D8-7A2A6965C8A3}.Debug|Any CPU.Build.0 = Debug|Any CPU
		{0D9ADF3B-7C68-439A-B2D8-7A2A6965C8A3}.Release|Any CPU.ActiveCfg = Release|Any CPU
		{0D9ADF3B-7C68-439A-B2D8-7A2A6965C8A3}.Release|Any CPU.Build.0 = Release|Any CPU
		{FC1E2B7A-98BD-48AD-994D-A37FF21587B0}.Debug|Any CPU.ActiveCfg = Debug|Any CPU
		{FC1E2B7A-98BD-48AD-994D-A37FF21587B0}.Debug|Any CPU.Build.0 = Debug|Any CPU
		{FC1E2B7A-98BD-48AD-994D-A37FF21587B0}.Release|Any CPU.ActiveCfg = Release|Any CPU
		{FC1E2B7A-98BD-48AD-994D-A37FF21587B0}.Release|Any CPU.Build.0 = Release|Any CPU
		{015A4DB1-AD07-47A7-8550-19A3D338F326}.Debug|Any CPU.ActiveCfg = Debug|Any CPU
		{015A4DB1-AD07-47A7-8550-19A3D338F326}.Debug|Any CPU.Build.0 = Debug|Any CPU
		{015A4DB1-AD07-47A7-8550-19A3D338F326}.Release|Any CPU.ActiveCfg = Release|Any CPU
		{015A4DB1-AD07-47A7-8550-19A3D338F326}.Release|Any CPU.Build.0 = Release|Any CPU
	EndGlobalSection
	GlobalSection(SolutionProperties) = preSolution
		HideSolutionNode = FALSE
	EndGlobalSection
	GlobalSection(ExtensibilityGlobals) = postSolution
		SolutionGuid = {33FCABEB-186C-4602-A454-061C2D306E7D}
	EndGlobalSection
EndGlobal
